
Microsoft Visual Studio Solution File, Format Version 12.00
# Visual Studio Version 17
VisualStudioVersion = 17.14.36429.23
MinimumVisualStudioVersion = 10.0.40219.1
Project("{FAE04EC0-301F-11D3-BF4B-00C04F79EFBC}") = "Serilog.MemoryMapped.Sink.Console", "Serilog.MemoryMapped.Sink.Console\Serilog.MemoryMapped.Sink.Console.csproj", "{85D72234-B9F0-2A4C-D600-9807D56A78FC}"
EndProject
Project("{FAE04EC0-301F-11D3-BF4B-00C04F79EFBC}") = "Serilog.MemoryMapped.Sink", "Serilog.MemoryMapped.Sink\Serilog.MemoryMapped.Sink.csproj", "{8F0DD7B3-4B92-45FD-BDFD-9AA6209A6DF3}"
EndProject
Project("{FAE04EC0-301F-11D3-BF4B-00C04F79EFBC}") = "Serilog.MemoryMapped.Sink.Tests", "Serilog.MemoryMapped.Sink.Tests\Serilog.MemoryMapped.Sink.Tests.csproj", "{970EC1B7-9400-4AE3-8238-B938AEDBB3BE}"
EndProject
Project("{FAE04EC0-301F-11D3-BF4B-00C04F79EFBC}") = "Serilog.MemoryMapped.Sink.Forwarder", "Serilog.MemoryMapped.Sink.Forwarder\Serilog.MemoryMapped.Sink.Forwarder.csproj", "{1BBFF396-8DF0-419E-9D03-255CD77E839C}"
EndProject
Project("{FAE04EC0-301F-11D3-BF4B-00C04F79EFBC}") = "Serilog.MemoryMapped.Repository.MsSql", "Serilog.MemoryMapped.Repository.MsSql\Serilog.MemoryMapped.Repository.MsSql.csproj", "{8FCFDA60-FB55-A88C-836E-BBEEC3F8EDFD}"
EndProject
Project("{FAE04EC0-301F-11D3-BF4B-00C04F79EFBC}") = "Serilog.MemoryMapped.Repository.SqLite", "Serilog.MemoryMapped.Repository.SqLite\Serilog.MemoryMapped.Repository.SqLite.csproj", "{0F99D9B7-48DE-C639-F575-2468FC256535}"
EndProject
Global
	GlobalSection(SolutionConfigurationPlatforms) = preSolution
		Debug|Any CPU = Debug|Any CPU
		Release|Any CPU = Release|Any CPU
	EndGlobalSection
	GlobalSection(ProjectConfigurationPlatforms) = postSolution
		{85D72234-B9F0-2A4C-D600-9807D56A78FC}.Debug|Any CPU.ActiveCfg = Debug|Any CPU
		{85D72234-B9F0-2A4C-D600-9807D56A78FC}.Debug|Any CPU.Build.0 = Debug|Any CPU
		{85D72234-B9F0-2A4C-D600-9807D56A78FC}.Release|Any CPU.ActiveCfg = Release|Any CPU
		{85D72234-B9F0-2A4C-D600-9807D56A78FC}.Release|Any CPU.Build.0 = Release|Any CPU
		{8F0DD7B3-4B92-45FD-BDFD-9AA6209A6DF3}.Debug|Any CPU.ActiveCfg = Debug|Any CPU
		{8F0DD7B3-4B92-45FD-BDFD-9AA6209A6DF3}.Debug|Any CPU.Build.0 = Debug|Any CPU
		{8F0DD7B3-4B92-45FD-BDFD-9AA6209A6DF3}.Release|Any CPU.ActiveCfg = Release|Any CPU
		{8F0DD7B3-4B92-45FD-BDFD-9AA6209A6DF3}.Release|Any CPU.Build.0 = Release|Any CPU
		{970EC1B7-9400-4AE3-8238-B938AEDBB3BE}.Debug|Any CPU.ActiveCfg = Debug|Any CPU
		{970EC1B7-9400-4AE3-8238-B938AEDBB3BE}.Debug|Any CPU.Build.0 = Debug|Any CPU
		{970EC1B7-9400-4AE3-8238-B938AEDBB3BE}.Release|Any CPU.ActiveCfg = Release|Any CPU
		{970EC1B7-9400-4AE3-8238-B938AEDBB3BE}.Release|Any CPU.Build.0 = Release|Any CPU
		{1BBFF396-8DF0-419E-9D03-255CD77E839C}.Debug|Any CPU.ActiveCfg = Debug|Any CPU
		{1BBFF396-8DF0-419E-9D03-255CD77E839C}.Debug|Any CPU.Build.0 = Debug|Any CPU
		{1BBFF396-8DF0-419E-9D03-255CD77E839C}.Release|Any CPU.ActiveCfg = Release|Any CPU
		{1BBFF396-8DF0-419E-9D03-255CD77E839C}.Release|Any CPU.Build.0 = Release|Any CPU
		{8FCFDA60-FB55-A88C-836E-BBEEC3F8EDFD}.Debug|Any CPU.ActiveCfg = Debug|Any CPU
		{8FCFDA60-FB55-A88C-836E-BBEEC3F8EDFD}.Debug|Any CPU.Build.0 = Debug|Any CPU
		{8FCFDA60-FB55-A88C-836E-BBEEC3F8EDFD}.Release|Any CPU.ActiveCfg = Release|Any CPU
		{8FCFDA60-FB55-A88C-836E-BBEEC3F8EDFD}.Release|Any CPU.Build.0 = Release|Any CPU
		{0F99D9B7-48DE-C639-F575-2468FC256535}.Debug|Any CPU.ActiveCfg = Debug|Any CPU
		{0F99D9B7-48DE-C639-F575-2468FC256535}.Debug|Any CPU.Build.0 = Debug|Any CPU
		{0F99D9B7-48DE-C639-F575-2468FC256535}.Release|Any CPU.ActiveCfg = Release|Any CPU
		{0F99D9B7-48DE-C639-F575-2468FC256535}.Release|Any CPU.Build.0 = Release|Any CPU
	EndGlobalSection
	GlobalSection(SolutionProperties) = preSolution
		HideSolutionNode = FALSE
	EndGlobalSection
	GlobalSection(ExtensibilityGlobals) = postSolution
		SolutionGuid = {3EB39B2A-63F6-48D3-8EA6-0DFF4871D775}
	EndGlobalSection
EndGlobal
